
Microsoft Visual Studio Solution File, Format Version 12.00
# Visual Studio 15
VisualStudioVersion = 15.0.27703.2042
MinimumVisualStudioVersion = 10.0.40219.1
Project("{FAE04EC0-301F-11D3-BF4B-00C04F79EFBC}") = "ScryFalltoMongo", "ScryFalltoMongo\ScryFalltoMongo.csproj", "{1F498956-1699-44C9-8F77-39FA3C32C68F}"
EndProject
Global
	GlobalSection(SolutionConfigurationPlatforms) = preSolution
		Debug|Any CPU = Debug|Any CPU
		Release|Any CPU = Release|Any CPU
	EndGlobalSection
	GlobalSection(ProjectConfigurationPlatforms) = postSolution
		{1F498956-1699-44C9-8F77-39FA3C32C68F}.Debug|Any CPU.ActiveCfg = Debug|Any CPU
		{1F498956-1699-44C9-8F77-39FA3C32C68F}.Debug|Any CPU.Build.0 = Debug|Any CPU
		{1F498956-1699-44C9-8F77-39FA3C32C68F}.Release|Any CPU.ActiveCfg = Release|Any CPU
		{1F498956-1699-44C9-8F77-39FA3C32C68F}.Release|Any CPU.Build.0 = Release|Any CPU
	EndGlobalSection
	GlobalSection(SolutionProperties) = preSolution
		HideSolutionNode = FALSE
	EndGlobalSection
	GlobalSection(ExtensibilityGlobals) = postSolution
		SolutionGuid = {49C99926-D866-4C67-A99E-F02DB4810F75}
	EndGlobalSection
EndGlobal
